
Microsoft Visual Studio Solution File, Format Version 12.00
# Visual Studio Version 16
VisualStudioVersion = 16.0.31005.135
MinimumVisualStudioVersion = 10.0.40219.1
Project("{8BC9CEB8-8B4A-11D0-8D11-00A0C91BC942}") = "DysonSphereParser", "DysonSphereParser.vcxproj", "{5D3530D6-C657-45EC-8B27-A800D314A4FC}"
EndProject
Global
	GlobalSection(SolutionConfigurationPlatforms) = preSolution
		Debug|x64 = Debug|x64
		Debug|x86 = Debug|x86
		Release|x64 = Release|x64
		Release|x86 = Release|x86
	EndGlobalSection
	GlobalSection(ProjectConfigurationPlatforms) = postSolution
		{5D3530D6-C657-45EC-8B27-A800D314A4FC}.Debug|x64.ActiveCfg = Debug|x64
		{5D3530D6-C657-45EC-8B27-A800D314A4FC}.Debug|x64.Build.0 = Debug|x64
		{5D3530D6-C657-45EC-8B27-A800D314A4FC}.Debug|x86.ActiveCfg = Debug|Win32
		{5D3530D6-C657-45EC-8B27-A800D314A4FC}.Debug|x86.Build.0 = Debug|Win32
		{5D3530D6-C657-45EC-8B27-A800D314A4FC}.Release|x64.ActiveCfg = Release|x64
		{5D3530D6-C657-45EC-8B27-A800D314A4FC}.Release|x64.Build.0 = Release|x64
		{5D3530D6-C657-45EC-8B27-A800D314A4FC}.Release|x86.ActiveCfg = Release|Win32
		{5D3530D6-C657-45EC-8B27-A800D314A4FC}.Release|x86.Build.0 = Release|Win32
	EndGlobalSection
	GlobalSection(SolutionProperties) = preSolution
		HideSolutionNode = FALSE
	EndGlobalSection
	GlobalSection(ExtensibilityGlobals) = postSolution
		SolutionGuid = {4327DC5B-0F90-4EE1-A3BE-8056FE6ACF05}
	EndGlobalSection
EndGlobal
